
Microsoft Visual Studio Solution File, Format Version 12.00
# Visual Studio Version 17
VisualStudioVersion = 17.3.32819.101
MinimumVisualStudioVersion = 10.0.40219.1
Project("{FAE04EC0-301F-11D3-BF4B-00C04F79EFBC}") = "Weather", "Weather\Weather.csproj", "{046342BF-D91F-4F4B-A72E-91623BBDFCC9}"
EndProject
Global
	GlobalSection(SolutionConfigurationPlatforms) = preSolution
		Debug|Any CPU = Debug|Any CPU
		Release|Any CPU = Release|Any CPU
	EndGlobalSection
	GlobalSection(ProjectConfigurationPlatforms) = postSolution
		{046342BF-D91F-4F4B-A72E-91623BBDFCC9}.Debug|Any CPU.ActiveCfg = Debug|Any CPU
		{046342BF-D91F-4F4B-A72E-91623BBDFCC9}.Debug|Any CPU.Build.0 = Debug|Any CPU
		{046342BF-D91F-4F4B-A72E-91623BBDFCC9}.Release|Any CPU.ActiveCfg = Release|Any CPU
		{046342BF-D91F-4F4B-A72E-91623BBDFCC9}.Release|Any CPU.Build.0 = Release|Any CPU
	EndGlobalSection
	GlobalSection(SolutionProperties) = preSolution
		HideSolutionNode = FALSE
	EndGlobalSection
	GlobalSection(ExtensibilityGlobals) = postSolution
		SolutionGuid = {F14AADB3-97E1-499D-9A3B-EE9AE0AF2797}
	EndGlobalSection
EndGlobal
