
Microsoft Visual Studio Solution File, Format Version 12.00
# Visual Studio Version 17
VisualStudioVersion = 17.0.32014.148
MinimumVisualStudioVersion = 10.0.40219.1
Project("{FAE04EC0-301F-11D3-BF4B-00C04F79EFBC}") = "Домашнее Задание 2.6", "Домашнее Задание 2.6\Домашнее Задание 2.6.csproj", "{0CF7A85F-3F20-4B17-AA34-6E5FF3EDC2F5}"
EndProject
Global
	GlobalSection(SolutionConfigurationPlatforms) = preSolution
		Debug|Any CPU = Debug|Any CPU
		Release|Any CPU = Release|Any CPU
	EndGlobalSection
	GlobalSection(ProjectConfigurationPlatforms) = postSolution
		{0CF7A85F-3F20-4B17-AA34-6E5FF3EDC2F5}.Debug|Any CPU.ActiveCfg = Debug|Any CPU
		{0CF7A85F-3F20-4B17-AA34-6E5FF3EDC2F5}.Debug|Any CPU.Build.0 = Debug|Any CPU
		{0CF7A85F-3F20-4B17-AA34-6E5FF3EDC2F5}.Release|Any CPU.ActiveCfg = Release|Any CPU
		{0CF7A85F-3F20-4B17-AA34-6E5FF3EDC2F5}.Release|Any CPU.Build.0 = Release|Any CPU
	EndGlobalSection
	GlobalSection(SolutionProperties) = preSolution
		HideSolutionNode = FALSE
	EndGlobalSection
	GlobalSection(ExtensibilityGlobals) = postSolution
		SolutionGuid = {8AC3CC95-AB63-4466-9AB9-C4CC2B669992}
	EndGlobalSection
EndGlobal
