
Microsoft Visual Studio Solution File, Format Version 12.00
# Visual Studio Version 17
VisualStudioVersion = 17.0.32014.148
MinimumVisualStudioVersion = 10.0.40219.1
Project("{FAE04EC0-301F-11D3-BF4B-00C04F79EFBC}") = "Домашнее Задание 2.5", "Домашнее Задание 2.5\Домашнее Задание 2.5.csproj", "{17369E03-E2B7-4A25-BA0E-867BC70D4888}"
EndProject
Global
	GlobalSection(SolutionConfigurationPlatforms) = preSolution
		Debug|Any CPU = Debug|Any CPU
		Release|Any CPU = Release|Any CPU
	EndGlobalSection
	GlobalSection(ProjectConfigurationPlatforms) = postSolution
		{17369E03-E2B7-4A25-BA0E-867BC70D4888}.Debug|Any CPU.ActiveCfg = Debug|Any CPU
		{17369E03-E2B7-4A25-BA0E-867BC70D4888}.Debug|Any CPU.Build.0 = Debug|Any CPU
		{17369E03-E2B7-4A25-BA0E-867BC70D4888}.Release|Any CPU.ActiveCfg = Release|Any CPU
		{17369E03-E2B7-4A25-BA0E-867BC70D4888}.Release|Any CPU.Build.0 = Release|Any CPU
	EndGlobalSection
	GlobalSection(SolutionProperties) = preSolution
		HideSolutionNode = FALSE
	EndGlobalSection
	GlobalSection(ExtensibilityGlobals) = postSolution
		SolutionGuid = {0255C5D2-E8FA-491C-9D90-1439C6D4A777}
	EndGlobalSection
EndGlobal
