
Microsoft Visual Studio Solution File, Format Version 12.00
# Visual Studio Version 17
VisualStudioVersion = 17.1.32210.238
MinimumVisualStudioVersion = 10.0.40219.1
Project("{9A19103F-16F7-4668-BE54-9A1E7A4F7556}") = "1.1", "Домашнее задание № 1\1.1.csproj", "{AA0300A7-8A11-4EC5-98A5-77A210B57BDD}"
EndProject
Project("{9A19103F-16F7-4668-BE54-9A1E7A4F7556}") = "SimpleNumbers", "SimpleNumbers\SimpleNumbers.csproj", "{814F9CDB-39B8-4147-B595-A13E3F41F955}"
EndProject
Project("{2150E333-8FDC-42A3-9474-1A3956D46DE8}") = "Домашнее задание № 1", "Домашнее задание № 1", "{C8010237-2D69-41D5-914E-42BB08070655}"
EndProject
Project("{2150E333-8FDC-42A3-9474-1A3956D46DE8}") = "Домашнее задание № 2", "Домашнее задание № 2", "{ADFB6D85-0957-42D4-8554-D20DCBBD000F}"
EndProject
Project("{9A19103F-16F7-4668-BE54-9A1E7A4F7556}") = "Proces", "Proces\Proces.csproj", "{4EEAF2C8-3257-49B5-BAEB-516A68763544}"
EndProject
Project("{2150E333-8FDC-42A3-9474-1A3956D46DE8}") = "1.1", "1.1", "{2910E21F-46DB-4522-BE6F-AF77C0507D9F}"
EndProject
Project("{2150E333-8FDC-42A3-9474-1A3956D46DE8}") = "1.2", "1.2", "{E1CE49D6-F51B-461E-9E41-C91FA9DA4EF9}"
EndProject
Project("{9A19103F-16F7-4668-BE54-9A1E7A4F7556}") = "1.2", "Poject\1.2.csproj", "{80341AC7-5723-4157-9F19-5DA208D263BE}"
EndProject
Project("{2150E333-8FDC-42A3-9474-1A3956D46DE8}") = "1.3", "1.3", "{CF0399DF-2570-4068-A89B-064F639A14C3}"
EndProject
Project("{9A19103F-16F7-4668-BE54-9A1E7A4F7556}") = "GigaChadFibonachi", "Project\GigaChadFibonachi.csproj", "{5EFEAEB5-DE30-4614-A324-AAEAFB0D6BF2}"
EndProject
Global
	GlobalSection(SolutionConfigurationPlatforms) = preSolution
		Debug|Any CPU = Debug|Any CPU
		Release|Any CPU = Release|Any CPU
	EndGlobalSection
	GlobalSection(ProjectConfigurationPlatforms) = postSolution
		{AA0300A7-8A11-4EC5-98A5-77A210B57BDD}.Debug|Any CPU.ActiveCfg = Debug|Any CPU
		{AA0300A7-8A11-4EC5-98A5-77A210B57BDD}.Debug|Any CPU.Build.0 = Debug|Any CPU
		{AA0300A7-8A11-4EC5-98A5-77A210B57BDD}.Release|Any CPU.ActiveCfg = Release|Any CPU
		{AA0300A7-8A11-4EC5-98A5-77A210B57BDD}.Release|Any CPU.Build.0 = Release|Any CPU
		{814F9CDB-39B8-4147-B595-A13E3F41F955}.Debug|Any CPU.ActiveCfg = Debug|Any CPU
		{814F9CDB-39B8-4147-B595-A13E3F41F955}.Debug|Any CPU.Build.0 = Debug|Any CPU
		{814F9CDB-39B8-4147-B595-A13E3F41F955}.Release|Any CPU.ActiveCfg = Release|Any CPU
		{814F9CDB-39B8-4147-B595-A13E3F41F955}.Release|Any CPU.Build.0 = Release|Any CPU
		{4EEAF2C8-3257-49B5-BAEB-516A68763544}.Debug|Any CPU.ActiveCfg = Debug|Any CPU
		{4EEAF2C8-3257-49B5-BAEB-516A68763544}.Debug|Any CPU.Build.0 = Debug|Any CPU
		{4EEAF2C8-3257-49B5-BAEB-516A68763544}.Release|Any CPU.ActiveCfg = Release|Any CPU
		{4EEAF2C8-3257-49B5-BAEB-516A68763544}.Release|Any CPU.Build.0 = Release|Any CPU
		{80341AC7-5723-4157-9F19-5DA208D263BE}.Debug|Any CPU.ActiveCfg = Debug|Any CPU
		{80341AC7-5723-4157-9F19-5DA208D263BE}.Debug|Any CPU.Build.0 = Debug|Any CPU
		{80341AC7-5723-4157-9F19-5DA208D263BE}.Release|Any CPU.ActiveCfg = Release|Any CPU
		{80341AC7-5723-4157-9F19-5DA208D263BE}.Release|Any CPU.Build.0 = Release|Any CPU
		{5EFEAEB5-DE30-4614-A324-AAEAFB0D6BF2}.Debug|Any CPU.ActiveCfg = Debug|Any CPU
		{5EFEAEB5-DE30-4614-A324-AAEAFB0D6BF2}.Debug|Any CPU.Build.0 = Debug|Any CPU
		{5EFEAEB5-DE30-4614-A324-AAEAFB0D6BF2}.Release|Any CPU.ActiveCfg = Release|Any CPU
		{5EFEAEB5-DE30-4614-A324-AAEAFB0D6BF2}.Release|Any CPU.Build.0 = Release|Any CPU
	EndGlobalSection
	GlobalSection(SolutionProperties) = preSolution
		HideSolutionNode = FALSE
	EndGlobalSection
	GlobalSection(NestedProjects) = preSolution
		{AA0300A7-8A11-4EC5-98A5-77A210B57BDD} = {2910E21F-46DB-4522-BE6F-AF77C0507D9F}
		{814F9CDB-39B8-4147-B595-A13E3F41F955} = {2910E21F-46DB-4522-BE6F-AF77C0507D9F}
		{4EEAF2C8-3257-49B5-BAEB-516A68763544} = {ADFB6D85-0957-42D4-8554-D20DCBBD000F}
		{2910E21F-46DB-4522-BE6F-AF77C0507D9F} = {C8010237-2D69-41D5-914E-42BB08070655}
		{E1CE49D6-F51B-461E-9E41-C91FA9DA4EF9} = {C8010237-2D69-41D5-914E-42BB08070655}
		{80341AC7-5723-4157-9F19-5DA208D263BE} = {E1CE49D6-F51B-461E-9E41-C91FA9DA4EF9}
		{CF0399DF-2570-4068-A89B-064F639A14C3} = {C8010237-2D69-41D5-914E-42BB08070655}
		{5EFEAEB5-DE30-4614-A324-AAEAFB0D6BF2} = {CF0399DF-2570-4068-A89B-064F639A14C3}
	EndGlobalSection
	GlobalSection(ExtensibilityGlobals) = postSolution
		SolutionGuid = {EAF52F3C-ACF7-48EE-8034-CF308D56DB78}
	EndGlobalSection
EndGlobal
